
Microsoft Visual Studio Solution File, Format Version 12.00
# Visual Studio Version 17
VisualStudioVersion = 17.14.36915.13 d17.14
MinimumVisualStudioVersion = 10.0.40219.1
Project("{FAE04EC0-301F-11D3-BF4B-00C04F79EFBC}") = "BEZaren_Kalkulua_DLL", "BEZaren_Kalkulua_DLL\BEZaren_Kalkulua_DLL.csproj", "{021CC906-1395-4E7D-A7BE-FA1B7570BFC2}"
EndProject
Global
	GlobalSection(SolutionConfigurationPlatforms) = preSolution
		Debug|Any CPU = Debug|Any CPU
		Release|Any CPU = Release|Any CPU
	EndGlobalSection
	GlobalSection(ProjectConfigurationPlatforms) = postSolution
		{021CC906-1395-4E7D-A7BE-FA1B7570BFC2}.Debug|Any CPU.ActiveCfg = Debug|Any CPU
		{021CC906-1395-4E7D-A7BE-FA1B7570BFC2}.Debug|Any CPU.Build.0 = Debug|Any CPU
		{021CC906-1395-4E7D-A7BE-FA1B7570BFC2}.Release|Any CPU.ActiveCfg = Release|Any CPU
		{021CC906-1395-4E7D-A7BE-FA1B7570BFC2}.Release|Any CPU.Build.0 = Release|Any CPU
	EndGlobalSection
	GlobalSection(SolutionProperties) = preSolution
		HideSolutionNode = FALSE
	EndGlobalSection
	GlobalSection(ExtensibilityGlobals) = postSolution
		SolutionGuid = {6FF7A002-813A-4CB0-BCFB-F8AA8CC95F7A}
	EndGlobalSection
EndGlobal
